// !$*UTF8*$!
{
	archiveVersion = 1;
	classes = {
	};
	objectVersion = 56;
	objects = {

/* Begin PBXBuildFile section */
		D2128FC22C0FF84F00331364 /* SignIn.swift in Sources */ = {isa = PBXBuildFile; fileRef = D2128FC12C0FF84F00331364 /* SignIn.swift */; };
		D2128FC42C0FF87600331364 /* SignInViewModel.swift in Sources */ = {isa = PBXBuildFile; fileRef = D2128FC32C0FF87600331364 /* SignInViewModel.swift */; };
		D2128FC92C10068100331364 /* Assets.xcassets in Resources */ = {isa = PBXBuildFile; fileRef = D2128FC52C10068100331364 /* Assets.xcassets */; };
		D2128FCA2C10068100331364 /* bgWelcome.mp4 in Resources */ = {isa = PBXBuildFile; fileRef = D2128FC72C10068100331364 /* bgWelcome.mp4 */; };
		D2128FCC2C10104D00331364 /* ProductViewModel.swift in Sources */ = {isa = PBXBuildFile; fileRef = D2128FCB2C10104D00331364 /* ProductViewModel.swift */; };
		D2128FCE2C1010A400331364 /* ListProducts.swift in Sources */ = {isa = PBXBuildFile; fileRef = D2128FCD2C1010A400331364 /* ListProducts.swift */; };
		D2128FD02C103D1B00331364 /* User.swift in Sources */ = {isa = PBXBuildFile; fileRef = D2128FCF2C103D1B00331364 /* User.swift */; };
		D228A0E72BEB5F4B003BA655 /* APPOrderFoodHDVApp.swift in Sources */ = {isa = PBXBuildFile; fileRef = D228A0E62BEB5F4B003BA655 /* APPOrderFoodHDVApp.swift */; };
		D228A0E92BEB5F4B003BA655 /* ContentView.swift in Sources */ = {isa = PBXBuildFile; fileRef = D228A0E82BEB5F4B003BA655 /* ContentView.swift */; };
		D228A0EB2BEB5F4D003BA655 /* Assets.xcassets in Resources */ = {isa = PBXBuildFile; fileRef = D228A0EA2BEB5F4D003BA655 /* Assets.xcassets */; };
		D228A0EE2BEB5F4D003BA655 /* Preview Assets.xcassets in Resources */ = {isa = PBXBuildFile; fileRef = D228A0ED2BEB5F4D003BA655 /* Preview Assets.xcassets */; };
		D228A0F82BEB5F4D003BA655 /* APPOrderFoodHDVTests.swift in Sources */ = {isa = PBXBuildFile; fileRef = D228A0F72BEB5F4D003BA655 /* APPOrderFoodHDVTests.swift */; };
		D228A1022BEB5F4E003BA655 /* APPOrderFoodHDVUITests.swift in Sources */ = {isa = PBXBuildFile; fileRef = D228A1012BEB5F4E003BA655 /* APPOrderFoodHDVUITests.swift */; };
		D228A1042BEB5F4E003BA655 /* APPOrderFoodHDVUITestsLaunchTests.swift in Sources */ = {isa = PBXBuildFile; fileRef = D228A1032BEB5F4E003BA655 /* APPOrderFoodHDVUITestsLaunchTests.swift */; };
		D228A1142BEB678F003BA655 /* Category.swift in Sources */ = {isa = PBXBuildFile; fileRef = D228A1132BEB678F003BA655 /* Category.swift */; };
		D228A1162BEB679C003BA655 /* Product.swift in Sources */ = {isa = PBXBuildFile; fileRef = D228A1152BEB679C003BA655 /* Product.swift */; };
		D228A11A2BEB77EE003BA655 /* API.md in Resources */ = {isa = PBXBuildFile; fileRef = D228A1192BEB77EE003BA655 /* API.md */; };
		D2BE8D732C1055D30053012B /* UserViewModel.swift in Sources */ = {isa = PBXBuildFile; fileRef = D2BE8D722C1055D30053012B /* UserViewModel.swift */; };
		D2BE8D762C105A6C0053012B /* BottomProduct.swift in Sources */ = {isa = PBXBuildFile; fileRef = D2BE8D752C105A6C0053012B /* BottomProduct.swift */; };
		D2BE8D782C105A8E0053012B /* DetailProductView.swift in Sources */ = {isa = PBXBuildFile; fileRef = D2BE8D772C105A8E0053012B /* DetailProductView.swift */; };
		D2BE8D7A2C105AA50053012B /* ProductView.swift in Sources */ = {isa = PBXBuildFile; fileRef = D2BE8D792C105AA50053012B /* ProductView.swift */; };
		D2C0F4A12C159E1B0009D555 /* OrderView.swift in Sources */ = {isa = PBXBuildFile; fileRef = D2C0F4A02C159E1B0009D555 /* OrderView.swift */; };
		D2C0F4A32C159E2C0009D555 /* ItemOrder.swift in Sources */ = {isa = PBXBuildFile; fileRef = D2C0F4A22C159E2C0009D555 /* ItemOrder.swift */; };
		D2C0F4A62C159F0A0009D555 /* FavoriteView.swift in Sources */ = {isa = PBXBuildFile; fileRef = D2C0F4A52C159F0A0009D555 /* FavoriteView.swift */; };
		D2C0F4A82C159F160009D555 /* ItemFavorite.swift in Sources */ = {isa = PBXBuildFile; fileRef = D2C0F4A72C159F160009D555 /* ItemFavorite.swift */; };
		D2C0F4AB2C15A35C0009D555 /* MainPayment.swift in Sources */ = {isa = PBXBuildFile; fileRef = D2C0F4AA2C15A35C0009D555 /* MainPayment.swift */; };
		D2C0F4AD2C15A3940009D555 /* ProductCheckout.swift in Sources */ = {isa = PBXBuildFile; fileRef = D2C0F4AC2C15A3940009D555 /* ProductCheckout.swift */; };
		D2C0F4AF2C15A3E00009D555 /* CheckoutView.swift in Sources */ = {isa = PBXBuildFile; fileRef = D2C0F4AE2C15A3E00009D555 /* CheckoutView.swift */; };
		D2C0F4B12C15A4000009D555 /* PaymentWithCash.swift in Sources */ = {isa = PBXBuildFile; fileRef = D2C0F4B02C15A4000009D555 /* PaymentWithCash.swift */; };
		D2C0F4B32C15A4250009D555 /* RuleView.swift in Sources */ = {isa = PBXBuildFile; fileRef = D2C0F4B22C15A4250009D555 /* RuleView.swift */; };
		D2C0F4B52C15A45D0009D555 /* PaymentView.swift in Sources */ = {isa = PBXBuildFile; fileRef = D2C0F4B42C15A45D0009D555 /* PaymentView.swift */; };
		D2C0F4B72C15A4990009D555 /* PaymentWithVNPAY.swift in Sources */ = {isa = PBXBuildFile; fileRef = D2C0F4B62C15A4990009D555 /* PaymentWithVNPAY.swift */; };
		D2C0F4B92C15A6D80009D555 /* Order.swift in Sources */ = {isa = PBXBuildFile; fileRef = D2C0F4B82C15A6D80009D555 /* Order.swift */; };
		D2C0F4BB2C15F58E0009D555 /* OrderViewModel.swift in Sources */ = {isa = PBXBuildFile; fileRef = D2C0F4BA2C15F58E0009D555 /* OrderViewModel.swift */; };
		D2C0F4BD2C15FE230009D555 /* OrderDetailView.swift in Sources */ = {isa = PBXBuildFile; fileRef = D2C0F4BC2C15FE230009D555 /* OrderDetailView.swift */; };
		D2C0F4BF2C160CB80009D555 /* Payment.swift in Sources */ = {isa = PBXBuildFile; fileRef = D2C0F4BE2C160CB80009D555 /* Payment.swift */; };
		D2C0F4C12C160CDB0009D555 /* PaymentViewModel.swift in Sources */ = {isa = PBXBuildFile; fileRef = D2C0F4C02C160CDB0009D555 /* PaymentViewModel.swift */; };
		D2C0F4C32C1610430009D555 /* SuccessView.swift in Sources */ = {isa = PBXBuildFile; fileRef = D2C0F4C22C1610430009D555 /* SuccessView.swift */; };
		D2C0F4C52C16107A0009D555 /* InforOrder.swift in Sources */ = {isa = PBXBuildFile; fileRef = D2C0F4C42C16107A0009D555 /* InforOrder.swift */; };
		D2C5767D2BF0480800082E46 /* APIService.swift in Sources */ = {isa = PBXBuildFile; fileRef = D2C5767C2BF0480800082E46 /* APIService.swift */; };
		D2C5767F2BF0482B00082E46 /* AsyncImageCustom.swift in Sources */ = {isa = PBXBuildFile; fileRef = D2C5767E2BF0482B00082E46 /* AsyncImageCustom.swift */; };
		D2C576812BF0484300082E46 /* TabBarCustom.swift in Sources */ = {isa = PBXBuildFile; fileRef = D2C576802BF0484300082E46 /* TabBarCustom.swift */; };
		D2C576832BF0485E00082E46 /* TextFieldCustom.swift in Sources */ = {isa = PBXBuildFile; fileRef = D2C576822BF0485E00082E46 /* TextFieldCustom.swift */; };
		D2C576852BF048C500082E46 /* ButtonCustom.swift in Sources */ = {isa = PBXBuildFile; fileRef = D2C576842BF048C500082E46 /* ButtonCustom.swift */; };
		D2C576872BF0492C00082E46 /* PlayerView.swift in Sources */ = {isa = PBXBuildFile; fileRef = D2C576862BF0492C00082E46 /* PlayerView.swift */; };
		D2C5768E2BF049CF00082E46 /* WelcomeView.swift in Sources */ = {isa = PBXBuildFile; fileRef = D2C5768D2BF049CF00082E46 /* WelcomeView.swift */; };
		D2C576902BF049EC00082E46 /* BottomWelcomeView.swift in Sources */ = {isa = PBXBuildFile; fileRef = D2C5768F2BF049EC00082E46 /* BottomWelcomeView.swift */; };
		D2C576922BF04A1000082E46 /* SignView.swift in Sources */ = {isa = PBXBuildFile; fileRef = D2C576912BF04A1000082E46 /* SignView.swift */; };
		D2C576942BF04A4200082E46 /* LogInView.swift in Sources */ = {isa = PBXBuildFile; fileRef = D2C576932BF04A4200082E46 /* LogInView.swift */; };
		D2C576962BF04A8300082E46 /* SignUpView.swift in Sources */ = {isa = PBXBuildFile; fileRef = D2C576952BF04A8300082E46 /* SignUpView.swift */; };
		D2C576992BF04B0400082E46 /* ForgotPasswordView.swift in Sources */ = {isa = PBXBuildFile; fileRef = D2C576982BF04B0400082E46 /* ForgotPasswordView.swift */; };
		D2C5769C2BF04DD900082E46 /* LocationManager.swift in Sources */ = {isa = PBXBuildFile; fileRef = D2C5769B2BF04DD900082E46 /* LocationManager.swift */; };
		D2C5769E2BF04DF100082E46 /* MKCoordinateRegion.swift in Sources */ = {isa = PBXBuildFile; fileRef = D2C5769D2BF04DF100082E46 /* MKCoordinateRegion.swift */; };
		D2C576A02BF04E0C00082E46 /* SearchResultsViewModel.swift in Sources */ = {isa = PBXBuildFile; fileRef = D2C5769F2BF04E0C00082E46 /* SearchResultsViewModel.swift */; };
		D2C576A32BF04FE100082E46 /* SearchLocationView.swift in Sources */ = {isa = PBXBuildFile; fileRef = D2C576A22BF04FE100082E46 /* SearchLocationView.swift */; };
		D2C576A52BF059F800082E46 /* APIError.swift in Sources */ = {isa = PBXBuildFile; fileRef = D2C576A42BF059F800082E46 /* APIError.swift */; };
		D2C576A72BF05A4200082E46 /* APIServiceProtocol.swift in Sources */ = {isa = PBXBuildFile; fileRef = D2C576A62BF05A4200082E46 /* APIServiceProtocol.swift */; };
		D2C576A92BF05B0B00082E46 /* ProductFetcher.swift in Sources */ = {isa = PBXBuildFile; fileRef = D2C576A82BF05B0B00082E46 /* ProductFetcher.swift */; };
		D2C7D67C2C120D8E0007C916 /* ChangeView.swift in Sources */ = {isa = PBXBuildFile; fileRef = D2C7D67B2C120D8E0007C916 /* ChangeView.swift */; };
		D2D544BB2C1475C000AFD93E /* Favorite.swift in Sources */ = {isa = PBXBuildFile; fileRef = D2D544BA2C1475C000AFD93E /* Favorite.swift */; };
		D2D544BD2C14770A00AFD93E /* FavoriteViewModel.swift in Sources */ = {isa = PBXBuildFile; fileRef = D2D544BC2C14770A00AFD93E /* FavoriteViewModel.swift */; };
		D2DCACCF2C1154D400699996 /* CartItem.swift in Sources */ = {isa = PBXBuildFile; fileRef = D2DCACCE2C1154D400699996 /* CartItem.swift */; };
		D2DCACD12C1154ED00699996 /* CartItemViewModel.swift in Sources */ = {isa = PBXBuildFile; fileRef = D2DCACD02C1154ED00699996 /* CartItemViewModel.swift */; };
		D2DCACD32C1159CE00699996 /* BottomCartView.swift in Sources */ = {isa = PBXBuildFile; fileRef = D2DCACD22C1159CE00699996 /* BottomCartView.swift */; };
		D2DCACD52C115A1C00699996 /* ItemCartView.swift in Sources */ = {isa = PBXBuildFile; fileRef = D2DCACD42C115A1C00699996 /* ItemCartView.swift */; };
		D2DCACDB2C11659800699996 /* ProductListViewModel.swift in Sources */ = {isa = PBXBuildFile; fileRef = D2DCACDA2C11659800699996 /* ProductListViewModel.swift */; };
		D2E861AB2C11A18500167DD4 /* ProfileView.swift in Sources */ = {isa = PBXBuildFile; fileRef = D2E861AA2C11A18500167DD4 /* ProfileView.swift */; };
		D2E861AD2C11A50700167DD4 /* DeepLink.swift in Sources */ = {isa = PBXBuildFile; fileRef = D2E861AC2C11A50700167DD4 /* DeepLink.swift */; };
		D2FF7D482C0EFD0600895740 /* README.md in Resources */ = {isa = PBXBuildFile; fileRef = D2FF7D472C0EFD0600895740 /* README.md */; };
		D2FF7D4B2C0EFF6D00895740 /* TabView.swift in Sources */ = {isa = PBXBuildFile; fileRef = D2FF7D4A2C0EFF6D00895740 /* TabView.swift */; };
		D2FF7D4D2C0EFF8A00895740 /* HomeView.swift in Sources */ = {isa = PBXBuildFile; fileRef = D2FF7D4C2C0EFF8A00895740 /* HomeView.swift */; };
		D2FF7D502C0EFF9900895740 /* CartView.swift in Sources */ = {isa = PBXBuildFile; fileRef = D2FF7D4F2C0EFF9900895740 /* CartView.swift */; };
		D2FF7D532C0EFFAC00895740 /* SettingView.swift in Sources */ = {isa = PBXBuildFile; fileRef = D2FF7D522C0EFFAC00895740 /* SettingView.swift */; };
		D2FF7D552C0F00F900895740 /* ListCategory.swift in Sources */ = {isa = PBXBuildFile; fileRef = D2FF7D542C0F00F900895740 /* ListCategory.swift */; };
		D2FF7D572C0F053F00895740 /* CategoryViewModel.swift in Sources */ = {isa = PBXBuildFile; fileRef = D2FF7D562C0F053F00895740 /* CategoryViewModel.swift */; };
		D2FF7D592C0F4DCE00895740 /* SignUp.swift in Sources */ = {isa = PBXBuildFile; fileRef = D2FF7D582C0F4DCE00895740 /* SignUp.swift */; };
		D2FF7D5B2C0F4E2C00895740 /* SignUpViewModel.swift in Sources */ = {isa = PBXBuildFile; fileRef = D2FF7D5A2C0F4E2C00895740 /* SignUpViewModel.swift */; };
/* End PBXBuildFile section */

/* Begin PBXContainerItemProxy section */
		D228A0F42BEB5F4D003BA655 /* PBXContainerItemProxy */ = {
			isa = PBXContainerItemProxy;
			containerPortal = D228A0DB2BEB5F4B003BA655 /* Project object */;
			proxyType = 1;
			remoteGlobalIDString = D228A0E22BEB5F4B003BA655;
			remoteInfo = APPOrderFoodHDV;
		};
		D228A0FE2BEB5F4E003BA655 /* PBXContainerItemProxy */ = {
			isa = PBXContainerItemProxy;
			containerPortal = D228A0DB2BEB5F4B003BA655 /* Project object */;
			proxyType = 1;
			remoteGlobalIDString = D228A0E22BEB5F4B003BA655;
			remoteInfo = APPOrderFoodHDV;
		};
/* End PBXContainerItemProxy section */

/* Begin PBXFileReference section */
		D2128FC12C0FF84F00331364 /* SignIn.swift */ = {isa = PBXFileReference; lastKnownFileType = sourcecode.swift; path = SignIn.swift; sourceTree = "<group>"; };
		D2128FC32C0FF87600331364 /* SignInViewModel.swift */ = {isa = PBXFileReference; lastKnownFileType = sourcecode.swift; path = SignInViewModel.swift; sourceTree = "<group>"; };
		D2128FC52C10068100331364 /* Assets.xcassets */ = {isa = PBXFileReference; lastKnownFileType = folder.assetcatalog; path = Assets.xcassets; sourceTree = "<group>"; };
		D2128FC72C10068100331364 /* bgWelcome.mp4 */ = {isa = PBXFileReference; lastKnownFileType = file; path = bgWelcome.mp4; sourceTree = "<group>"; };
		D2128FCB2C10104D00331364 /* ProductViewModel.swift */ = {isa = PBXFileReference; lastKnownFileType = sourcecode.swift; path = ProductViewModel.swift; sourceTree = "<group>"; };
		D2128FCD2C1010A400331364 /* ListProducts.swift */ = {isa = PBXFileReference; lastKnownFileType = sourcecode.swift; path = ListProducts.swift; sourceTree = "<group>"; };
		D2128FCF2C103D1B00331364 /* User.swift */ = {isa = PBXFileReference; lastKnownFileType = sourcecode.swift; path = User.swift; sourceTree = "<group>"; };
		D228A0E32BEB5F4B003BA655 /* APPOrderFoodHDV.app */ = {isa = PBXFileReference; explicitFileType = wrapper.application; includeInIndex = 0; path = APPOrderFoodHDV.app; sourceTree = BUILT_PRODUCTS_DIR; };
		D228A0E62BEB5F4B003BA655 /* APPOrderFoodHDVApp.swift */ = {isa = PBXFileReference; lastKnownFileType = sourcecode.swift; path = APPOrderFoodHDVApp.swift; sourceTree = "<group>"; };
		D228A0E82BEB5F4B003BA655 /* ContentView.swift */ = {isa = PBXFileReference; lastKnownFileType = sourcecode.swift; path = ContentView.swift; sourceTree = "<group>"; };
		D228A0EA2BEB5F4D003BA655 /* Assets.xcassets */ = {isa = PBXFileReference; lastKnownFileType = folder.assetcatalog; path = Assets.xcassets; sourceTree = "<group>"; };
		D228A0ED2BEB5F4D003BA655 /* Preview Assets.xcassets */ = {isa = PBXFileReference; lastKnownFileType = folder.assetcatalog; path = "Preview Assets.xcassets"; sourceTree = "<group>"; };
		D228A0F32BEB5F4D003BA655 /* APPOrderFoodHDVTests.xctest */ = {isa = PBXFileReference; explicitFileType = wrapper.cfbundle; includeInIndex = 0; path = APPOrderFoodHDVTests.xctest; sourceTree = BUILT_PRODUCTS_DIR; };
		D228A0F72BEB5F4D003BA655 /* APPOrderFoodHDVTests.swift */ = {isa = PBXFileReference; lastKnownFileType = sourcecode.swift; path = APPOrderFoodHDVTests.swift; sourceTree = "<group>"; };
		D228A0FD2BEB5F4E003BA655 /* APPOrderFoodHDVUITests.xctest */ = {isa = PBXFileReference; explicitFileType = wrapper.cfbundle; includeInIndex = 0; path = APPOrderFoodHDVUITests.xctest; sourceTree = BUILT_PRODUCTS_DIR; };
		D228A1012BEB5F4E003BA655 /* APPOrderFoodHDVUITests.swift */ = {isa = PBXFileReference; lastKnownFileType = sourcecode.swift; path = APPOrderFoodHDVUITests.swift; sourceTree = "<group>"; };
		D228A1032BEB5F4E003BA655 /* APPOrderFoodHDVUITestsLaunchTests.swift */ = {isa = PBXFileReference; lastKnownFileType = sourcecode.swift; path = APPOrderFoodHDVUITestsLaunchTests.swift; sourceTree = "<group>"; };
		D228A1132BEB678F003BA655 /* Category.swift */ = {isa = PBXFileReference; lastKnownFileType = sourcecode.swift; path = Category.swift; sourceTree = "<group>"; };
		D228A1152BEB679C003BA655 /* Product.swift */ = {isa = PBXFileReference; lastKnownFileType = sourcecode.swift; path = Product.swift; sourceTree = "<group>"; };
		D228A1192BEB77EE003BA655 /* API.md */ = {isa = PBXFileReference; lastKnownFileType = net.daringfireball.markdown; path = API.md; sourceTree = "<group>"; };
		D2BE8D722C1055D30053012B /* UserViewModel.swift */ = {isa = PBXFileReference; lastKnownFileType = sourcecode.swift; path = UserViewModel.swift; sourceTree = "<group>"; };
		D2BE8D752C105A6C0053012B /* BottomProduct.swift */ = {isa = PBXFileReference; lastKnownFileType = sourcecode.swift; path = BottomProduct.swift; sourceTree = "<group>"; };
		D2BE8D772C105A8E0053012B /* DetailProductView.swift */ = {isa = PBXFileReference; lastKnownFileType = sourcecode.swift; path = DetailProductView.swift; sourceTree = "<group>"; };
		D2BE8D792C105AA50053012B /* ProductView.swift */ = {isa = PBXFileReference; lastKnownFileType = sourcecode.swift; path = ProductView.swift; sourceTree = "<group>"; };
		D2C0F4A02C159E1B0009D555 /* OrderView.swift */ = {isa = PBXFileReference; lastKnownFileType = sourcecode.swift; path = OrderView.swift; sourceTree = "<group>"; };
		D2C0F4A22C159E2C0009D555 /* ItemOrder.swift */ = {isa = PBXFileReference; lastKnownFileType = sourcecode.swift; path = ItemOrder.swift; sourceTree = "<group>"; };
		D2C0F4A52C159F0A0009D555 /* FavoriteView.swift */ = {isa = PBXFileReference; lastKnownFileType = sourcecode.swift; path = FavoriteView.swift; sourceTree = "<group>"; };
		D2C0F4A72C159F160009D555 /* ItemFavorite.swift */ = {isa = PBXFileReference; lastKnownFileType = sourcecode.swift; path = ItemFavorite.swift; sourceTree = "<group>"; };
		D2C0F4AA2C15A35C0009D555 /* MainPayment.swift */ = {isa = PBXFileReference; lastKnownFileType = sourcecode.swift; path = MainPayment.swift; sourceTree = "<group>"; };
		D2C0F4AC2C15A3940009D555 /* ProductCheckout.swift */ = {isa = PBXFileReference; lastKnownFileType = sourcecode.swift; path = ProductCheckout.swift; sourceTree = "<group>"; };
		D2C0F4AE2C15A3E00009D555 /* CheckoutView.swift */ = {isa = PBXFileReference; lastKnownFileType = sourcecode.swift; path = CheckoutView.swift; sourceTree = "<group>"; };
		D2C0F4B02C15A4000009D555 /* PaymentWithCash.swift */ = {isa = PBXFileReference; lastKnownFileType = sourcecode.swift; path = PaymentWithCash.swift; sourceTree = "<group>"; };
		D2C0F4B22C15A4250009D555 /* RuleView.swift */ = {isa = PBXFileReference; lastKnownFileType = sourcecode.swift; path = RuleView.swift; sourceTree = "<group>"; };
		D2C0F4B42C15A45D0009D555 /* PaymentView.swift */ = {isa = PBXFileReference; lastKnownFileType = sourcecode.swift; path = PaymentView.swift; sourceTree = "<group>"; };
		D2C0F4B62C15A4990009D555 /* PaymentWithVNPAY.swift */ = {isa = PBXFileReference; lastKnownFileType = sourcecode.swift; path = PaymentWithVNPAY.swift; sourceTree = "<group>"; };
		D2C0F4B82C15A6D80009D555 /* Order.swift */ = {isa = PBXFileReference; lastKnownFileType = sourcecode.swift; path = Order.swift; sourceTree = "<group>"; };
		D2C0F4BA2C15F58E0009D555 /* OrderViewModel.swift */ = {isa = PBXFileReference; lastKnownFileType = sourcecode.swift; path = OrderViewModel.swift; sourceTree = "<group>"; };
		D2C0F4BC2C15FE230009D555 /* OrderDetailView.swift */ = {isa = PBXFileReference; lastKnownFileType = sourcecode.swift; path = OrderDetailView.swift; sourceTree = "<group>"; };
		D2C0F4BE2C160CB80009D555 /* Payment.swift */ = {isa = PBXFileReference; lastKnownFileType = sourcecode.swift; path = Payment.swift; sourceTree = "<group>"; };
		D2C0F4C02C160CDB0009D555 /* PaymentViewModel.swift */ = {isa = PBXFileReference; lastKnownFileType = sourcecode.swift; path = PaymentViewModel.swift; sourceTree = "<group>"; };
		D2C0F4C22C1610430009D555 /* SuccessView.swift */ = {isa = PBXFileReference; lastKnownFileType = sourcecode.swift; path = SuccessView.swift; sourceTree = "<group>"; };
		D2C0F4C42C16107A0009D555 /* InforOrder.swift */ = {isa = PBXFileReference; lastKnownFileType = sourcecode.swift; path = InforOrder.swift; sourceTree = "<group>"; };
		D2C5767C2BF0480800082E46 /* APIService.swift */ = {isa = PBXFileReference; lastKnownFileType = sourcecode.swift; path = APIService.swift; sourceTree = "<group>"; };
		D2C5767E2BF0482B00082E46 /* AsyncImageCustom.swift */ = {isa = PBXFileReference; lastKnownFileType = sourcecode.swift; path = AsyncImageCustom.swift; sourceTree = "<group>"; };
		D2C576802BF0484300082E46 /* TabBarCustom.swift */ = {isa = PBXFileReference; lastKnownFileType = sourcecode.swift; path = TabBarCustom.swift; sourceTree = "<group>"; };
		D2C576822BF0485E00082E46 /* TextFieldCustom.swift */ = {isa = PBXFileReference; lastKnownFileType = sourcecode.swift; path = TextFieldCustom.swift; sourceTree = "<group>"; };
		D2C576842BF048C500082E46 /* ButtonCustom.swift */ = {isa = PBXFileReference; lastKnownFileType = sourcecode.swift; path = ButtonCustom.swift; sourceTree = "<group>"; };
		D2C576862BF0492C00082E46 /* PlayerView.swift */ = {isa = PBXFileReference; lastKnownFileType = sourcecode.swift; path = PlayerView.swift; sourceTree = "<group>"; };
		D2C5768D2BF049CF00082E46 /* WelcomeView.swift */ = {isa = PBXFileReference; lastKnownFileType = sourcecode.swift; path = WelcomeView.swift; sourceTree = "<group>"; };
		D2C5768F2BF049EC00082E46 /* BottomWelcomeView.swift */ = {isa = PBXFileReference; lastKnownFileType = sourcecode.swift; path = BottomWelcomeView.swift; sourceTree = "<group>"; };
		D2C576912BF04A1000082E46 /* SignView.swift */ = {isa = PBXFileReference; lastKnownFileType = sourcecode.swift; path = SignView.swift; sourceTree = "<group>"; };
		D2C576932BF04A4200082E46 /* LogInView.swift */ = {isa = PBXFileReference; lastKnownFileType = sourcecode.swift; path = LogInView.swift; sourceTree = "<group>"; };
		D2C576952BF04A8300082E46 /* SignUpView.swift */ = {isa = PBXFileReference; lastKnownFileType = sourcecode.swift; path = SignUpView.swift; sourceTree = "<group>"; };
		D2C576982BF04B0400082E46 /* ForgotPasswordView.swift */ = {isa = PBXFileReference; lastKnownFileType = sourcecode.swift; path = ForgotPasswordView.swift; sourceTree = "<group>"; };
		D2C5769A2BF04BCC00082E46 /* bgWelcome.mp4 */ = {isa = PBXFileReference; lastKnownFileType = file; path = bgWelcome.mp4; sourceTree = "<group>"; };
		D2C5769B2BF04DD900082E46 /* LocationManager.swift */ = {isa = PBXFileReference; lastKnownFileType = sourcecode.swift; path = LocationManager.swift; sourceTree = "<group>"; };
		D2C5769D2BF04DF100082E46 /* MKCoordinateRegion.swift */ = {isa = PBXFileReference; lastKnownFileType = sourcecode.swift; path = MKCoordinateRegion.swift; sourceTree = "<group>"; };
		D2C5769F2BF04E0C00082E46 /* SearchResultsViewModel.swift */ = {isa = PBXFileReference; lastKnownFileType = sourcecode.swift; path = SearchResultsViewModel.swift; sourceTree = "<group>"; };
		D2C576A22BF04FE100082E46 /* SearchLocationView.swift */ = {isa = PBXFileReference; lastKnownFileType = sourcecode.swift; path = SearchLocationView.swift; sourceTree = "<group>"; };
		D2C576A42BF059F800082E46 /* APIError.swift */ = {isa = PBXFileReference; lastKnownFileType = sourcecode.swift; path = APIError.swift; sourceTree = "<group>"; };
		D2C576A62BF05A4200082E46 /* APIServiceProtocol.swift */ = {isa = PBXFileReference; lastKnownFileType = sourcecode.swift; path = APIServiceProtocol.swift; sourceTree = "<group>"; };
		D2C576A82BF05B0B00082E46 /* ProductFetcher.swift */ = {isa = PBXFileReference; lastKnownFileType = sourcecode.swift; path = ProductFetcher.swift; sourceTree = "<group>"; };
		D2C7D67B2C120D8E0007C916 /* ChangeView.swift */ = {isa = PBXFileReference; lastKnownFileType = sourcecode.swift; path = ChangeView.swift; sourceTree = "<group>"; };
		D2D544BA2C1475C000AFD93E /* Favorite.swift */ = {isa = PBXFileReference; lastKnownFileType = sourcecode.swift; path = Favorite.swift; sourceTree = "<group>"; };
		D2D544BC2C14770A00AFD93E /* FavoriteViewModel.swift */ = {isa = PBXFileReference; lastKnownFileType = sourcecode.swift; path = FavoriteViewModel.swift; sourceTree = "<group>"; };
		D2DCACCE2C1154D400699996 /* CartItem.swift */ = {isa = PBXFileReference; lastKnownFileType = sourcecode.swift; path = CartItem.swift; sourceTree = "<group>"; };
		D2DCACD02C1154ED00699996 /* CartItemViewModel.swift */ = {isa = PBXFileReference; lastKnownFileType = sourcecode.swift; path = CartItemViewModel.swift; sourceTree = "<group>"; };
		D2DCACD22C1159CE00699996 /* BottomCartView.swift */ = {isa = PBXFileReference; lastKnownFileType = sourcecode.swift; path = BottomCartView.swift; sourceTree = "<group>"; };
		D2DCACD42C115A1C00699996 /* ItemCartView.swift */ = {isa = PBXFileReference; lastKnownFileType = sourcecode.swift; path = ItemCartView.swift; sourceTree = "<group>"; };
		D2DCACDA2C11659800699996 /* ProductListViewModel.swift */ = {isa = PBXFileReference; lastKnownFileType = sourcecode.swift; path = ProductListViewModel.swift; sourceTree = "<group>"; };
		D2E861AA2C11A18500167DD4 /* ProfileView.swift */ = {isa = PBXFileReference; lastKnownFileType = sourcecode.swift; path = ProfileView.swift; sourceTree = "<group>"; };
		D2E861AC2C11A50700167DD4 /* DeepLink.swift */ = {isa = PBXFileReference; lastKnownFileType = sourcecode.swift; path = DeepLink.swift; sourceTree = "<group>"; };
		D2FF7D472C0EFD0600895740 /* README.md */ = {isa = PBXFileReference; lastKnownFileType = net.daringfireball.markdown; path = README.md; sourceTree = "<group>"; };
		D2FF7D4A2C0EFF6D00895740 /* TabView.swift */ = {isa = PBXFileReference; lastKnownFileType = sourcecode.swift; path = TabView.swift; sourceTree = "<group>"; };
		D2FF7D4C2C0EFF8A00895740 /* HomeView.swift */ = {isa = PBXFileReference; lastKnownFileType = sourcecode.swift; path = HomeView.swift; sourceTree = "<group>"; };
		D2FF7D4F2C0EFF9900895740 /* CartView.swift */ = {isa = PBXFileReference; lastKnownFileType = sourcecode.swift; path = CartView.swift; sourceTree = "<group>"; };
		D2FF7D522C0EFFAC00895740 /* SettingView.swift */ = {isa = PBXFileReference; lastKnownFileType = sourcecode.swift; path = SettingView.swift; sourceTree = "<group>"; };
		D2FF7D542C0F00F900895740 /* ListCategory.swift */ = {isa = PBXFileReference; lastKnownFileType = sourcecode.swift; path = ListCategory.swift; sourceTree = "<group>"; };
		D2FF7D562C0F053F00895740 /* CategoryViewModel.swift */ = {isa = PBXFileReference; lastKnownFileType = sourcecode.swift; path = CategoryViewModel.swift; sourceTree = "<group>"; };
		D2FF7D582C0F4DCE00895740 /* SignUp.swift */ = {isa = PBXFileReference; lastKnownFileType = sourcecode.swift; path = SignUp.swift; sourceTree = "<group>"; };
		D2FF7D5A2C0F4E2C00895740 /* SignUpViewModel.swift */ = {isa = PBXFileReference; lastKnownFileType = sourcecode.swift; path = SignUpViewModel.swift; sourceTree = "<group>"; };
/* End PBXFileReference section */

/* Begin PBXFrameworksBuildPhase section */
		D228A0E02BEB5F4B003BA655 /* Frameworks */ = {
			isa = PBXFrameworksBuildPhase;
			buildActionMask = 2147483647;
			files = (
			);
			runOnlyForDeploymentPostprocessing = 0;
		};
		D228A0F02BEB5F4D003BA655 /* Frameworks */ = {
			isa = PBXFrameworksBuildPhase;
			buildActionMask = 2147483647;
			files = (
			);
			runOnlyForDeploymentPostprocessing = 0;
		};
		D228A0FA2BEB5F4E003BA655 /* Frameworks */ = {
			isa = PBXFrameworksBuildPhase;
			buildActionMask = 2147483647;
			files = (
			);
			runOnlyForDeploymentPostprocessing = 0;
		};
/* End PBXFrameworksBuildPhase section */

/* Begin PBXGroup section */
		D2128FC62C10068100331364 /* Resource */ = {
			isa = PBXGroup;
			children = (
				D2128FC52C10068100331364 /* Assets.xcassets */,
			);
			path = Resource;
			sourceTree = "<group>";
		};
		D2128FC82C10068100331364 /* Common */ = {
			isa = PBXGroup;
			children = (
				D2128FC62C10068100331364 /* Resource */,
				D2128FC72C10068100331364 /* bgWelcome.mp4 */,
			);
			name = Common;
			sourceTree = "<group>";
		};
		D228A0DA2BEB5F4B003BA655 = {
			isa = PBXGroup;
			children = (
				D2FF7D472C0EFD0600895740 /* README.md */,
				D228A0E52BEB5F4B003BA655 /* APPOrderFoodHDV */,
				D228A0F62BEB5F4D003BA655 /* APPOrderFoodHDVTests */,
				D228A1002BEB5F4E003BA655 /* APPOrderFoodHDVUITests */,
				D228A0E42BEB5F4B003BA655 /* Products */,
			);
			sourceTree = "<group>";
		};
		D228A0E42BEB5F4B003BA655 /* Products */ = {
			isa = PBXGroup;
			children = (
				D228A0E32BEB5F4B003BA655 /* APPOrderFoodHDV.app */,
				D228A0F32BEB5F4D003BA655 /* APPOrderFoodHDVTests.xctest */,
				D228A0FD2BEB5F4E003BA655 /* APPOrderFoodHDVUITests.xctest */,
			);
			name = Products;
			sourceTree = "<group>";
		};
		D228A0E52BEB5F4B003BA655 /* APPOrderFoodHDV */ = {
			isa = PBXGroup;
			children = (
				D2C576882BF0495000082E46 /* Common */,
				D2C5767B2BF047E500082E46 /* Services */,
				D22E32272BEC6B3A00CD45B2 /* UI */,
				D228A1122BEB5F68003BA655 /* Component */,
				D228A1112BEB5F63003BA655 /* Model */,
				D228A1102BEB5F5B003BA655 /* ViewModel */,
				D228A0E62BEB5F4B003BA655 /* APPOrderFoodHDVApp.swift */,
				D228A0E82BEB5F4B003BA655 /* ContentView.swift */,
				D228A0EC2BEB5F4D003BA655 /* Preview Content */,
				D228A1192BEB77EE003BA655 /* API.md */,
			);
			path = APPOrderFoodHDV;
			sourceTree = "<group>";
		};
		D228A0EC2BEB5F4D003BA655 /* Preview Content */ = {
			isa = PBXGroup;
			children = (
				D228A0ED2BEB5F4D003BA655 /* Preview Assets.xcassets */,
			);
			path = "Preview Content";
			sourceTree = "<group>";
		};
		D228A0F62BEB5F4D003BA655 /* APPOrderFoodHDVTests */ = {
			isa = PBXGroup;
			children = (
				D228A0F72BEB5F4D003BA655 /* APPOrderFoodHDVTests.swift */,
			);
			path = APPOrderFoodHDVTests;
			sourceTree = "<group>";
		};
		D228A1002BEB5F4E003BA655 /* APPOrderFoodHDVUITests */ = {
			isa = PBXGroup;
			children = (
				D228A1012BEB5F4E003BA655 /* APPOrderFoodHDVUITests.swift */,
				D228A1032BEB5F4E003BA655 /* APPOrderFoodHDVUITestsLaunchTests.swift */,
			);
			path = APPOrderFoodHDVUITests;
			sourceTree = "<group>";
		};
		D228A1102BEB5F5B003BA655 /* ViewModel */ = {
			isa = PBXGroup;
			children = (
				D2C5769F2BF04E0C00082E46 /* SearchResultsViewModel.swift */,
				D2FF7D562C0F053F00895740 /* CategoryViewModel.swift */,
				D2FF7D5A2C0F4E2C00895740 /* SignUpViewModel.swift */,
				D2128FC32C0FF87600331364 /* SignInViewModel.swift */,
				D2128FCB2C10104D00331364 /* ProductViewModel.swift */,
				D2BE8D722C1055D30053012B /* UserViewModel.swift */,
				D2DCACD02C1154ED00699996 /* CartItemViewModel.swift */,
				D2DCACDA2C11659800699996 /* ProductListViewModel.swift */,
				D2D544BC2C14770A00AFD93E /* FavoriteViewModel.swift */,
				D2C0F4BA2C15F58E0009D555 /* OrderViewModel.swift */,
				D2C0F4C02C160CDB0009D555 /* PaymentViewModel.swift */,
			);
			path = ViewModel;
			sourceTree = "<group>";
		};
		D228A1112BEB5F63003BA655 /* Model */ = {
			isa = PBXGroup;
			children = (
				D228A1132BEB678F003BA655 /* Category.swift */,
				D228A1152BEB679C003BA655 /* Product.swift */,
				D2FF7D582C0F4DCE00895740 /* SignUp.swift */,
				D2128FC12C0FF84F00331364 /* SignIn.swift */,
				D2128FCF2C103D1B00331364 /* User.swift */,
				D2DCACCE2C1154D400699996 /* CartItem.swift */,
				D2D544BA2C1475C000AFD93E /* Favorite.swift */,
				D2C0F4B82C15A6D80009D555 /* Order.swift */,
				D2C0F4BE2C160CB80009D555 /* Payment.swift */,
			);
			path = Model;
			sourceTree = "<group>";
		};
		D228A1122BEB5F68003BA655 /* Component */ = {
			isa = PBXGroup;
			children = (
				D2C0F4A92C15A3400009D555 /* Payment */,
				D2C0F4A42C159EF40009D555 /* Favorite */,
				D2C0F49F2C159E000009D555 /* Order */,
				D2BE8D742C105A500053012B /* product */,
				D2FF7D512C0EFF9E00895740 /* Setting */,
				D2FF7D4E2C0EFF8E00895740 /* Cart */,
				D2FF7D492C0EFD8A00895740 /* Home */,
				D2C576A12BF04FCD00082E46 /* SearchLocation */,
				D2C576972BF04AED00082E46 /* ForgotPassword */,
				D2C5768C2BF0498600082E46 /* SignUp */,
				D2C5768B2BF0497F00082E46 /* LogIn */,
				D2C5768A2BF0497100082E46 /* Welcome */,
			);
			path = Component;
			sourceTree = "<group>";
		};
		D22E32272BEC6B3A00CD45B2 /* UI */ = {
			isa = PBXGroup;
			children = (
				D2C5767E2BF0482B00082E46 /* AsyncImageCustom.swift */,
				D2C576802BF0484300082E46 /* TabBarCustom.swift */,
				D2C576822BF0485E00082E46 /* TextFieldCustom.swift */,
				D2C576842BF048C500082E46 /* ButtonCustom.swift */,
				D2C576862BF0492C00082E46 /* PlayerView.swift */,
				D2C5769B2BF04DD900082E46 /* LocationManager.swift */,
				D2C5769D2BF04DF100082E46 /* MKCoordinateRegion.swift */,
			);
			path = UI;
			sourceTree = "<group>";
		};
		D2BE8D742C105A500053012B /* product */ = {
			isa = PBXGroup;
			children = (
				D2BE8D752C105A6C0053012B /* BottomProduct.swift */,
				D2BE8D772C105A8E0053012B /* DetailProductView.swift */,
				D2BE8D792C105AA50053012B /* ProductView.swift */,
			);
			path = product;
			sourceTree = "<group>";
		};
		D2C0F49F2C159E000009D555 /* Order */ = {
			isa = PBXGroup;
			children = (
				D2C0F4A02C159E1B0009D555 /* OrderView.swift */,
				D2C0F4A22C159E2C0009D555 /* ItemOrder.swift */,
				D2C0F4BC2C15FE230009D555 /* OrderDetailView.swift */,
			);
			path = Order;
			sourceTree = "<group>";
		};
		D2C0F4A42C159EF40009D555 /* Favorite */ = {
			isa = PBXGroup;
			children = (
				D2C0F4A52C159F0A0009D555 /* FavoriteView.swift */,
				D2C0F4A72C159F160009D555 /* ItemFavorite.swift */,
			);
			path = Favorite;
			sourceTree = "<group>";
		};
		D2C0F4A92C15A3400009D555 /* Payment */ = {
			isa = PBXGroup;
			children = (
				D2C0F4AA2C15A35C0009D555 /* MainPayment.swift */,
				D2C0F4AC2C15A3940009D555 /* ProductCheckout.swift */,
				D2C0F4AE2C15A3E00009D555 /* CheckoutView.swift */,
				D2C0F4B02C15A4000009D555 /* PaymentWithCash.swift */,
				D2C0F4B22C15A4250009D555 /* RuleView.swift */,
				D2C0F4B42C15A45D0009D555 /* PaymentView.swift */,
				D2C0F4B62C15A4990009D555 /* PaymentWithVNPAY.swift */,
				D2C0F4C22C1610430009D555 /* SuccessView.swift */,
				D2C0F4C42C16107A0009D555 /* InforOrder.swift */,
			);
			path = Payment;
			sourceTree = "<group>";
		};
		D2C5767B2BF047E500082E46 /* Services */ = {
			isa = PBXGroup;
			children = (
				D2C5767C2BF0480800082E46 /* APIService.swift */,
				D2C576A42BF059F800082E46 /* APIError.swift */,
				D2C576A62BF05A4200082E46 /* APIServiceProtocol.swift */,
				D2C576A82BF05B0B00082E46 /* ProductFetcher.swift */,
			);
			path = Services;
			sourceTree = "<group>";
		};
		D2C576882BF0495000082E46 /* Common */ = {
			isa = PBXGroup;
			children = (
				D2C5769A2BF04BCC00082E46 /* bgWelcome.mp4 */,
				D2128FC82C10068100331364 /* Common */,
				D2C576892BF0495A00082E46 /* Resource */,
			);
			path = Common;
			sourceTree = "<group>";
		};
		D2C576892BF0495A00082E46 /* Resource */ = {
			isa = PBXGroup;
			children = (
				D228A0EA2BEB5F4D003BA655 /* Assets.xcassets */,
			);
			path = Resource;
			sourceTree = "<group>";
		};
		D2C5768A2BF0497100082E46 /* Welcome */ = {
			isa = PBXGroup;
			children = (
				D2C5768D2BF049CF00082E46 /* WelcomeView.swift */,
				D2C5768F2BF049EC00082E46 /* BottomWelcomeView.swift */,
				D2C576912BF04A1000082E46 /* SignView.swift */,
			);
			path = Welcome;
			sourceTree = "<group>";
		};
		D2C5768B2BF0497F00082E46 /* LogIn */ = {
			isa = PBXGroup;
			children = (
				D2C576932BF04A4200082E46 /* LogInView.swift */,
			);
			path = LogIn;
			sourceTree = "<group>";
		};
		D2C5768C2BF0498600082E46 /* SignUp */ = {
			isa = PBXGroup;
			children = (
				D2C576952BF04A8300082E46 /* SignUpView.swift */,
			);
			path = SignUp;
			sourceTree = "<group>";
		};
		D2C576972BF04AED00082E46 /* ForgotPassword */ = {
			isa = PBXGroup;
			children = (
				D2C576982BF04B0400082E46 /* ForgotPasswordView.swift */,
			);
			path = ForgotPassword;
			sourceTree = "<group>";
		};
		D2C576A12BF04FCD00082E46 /* SearchLocation */ = {
			isa = PBXGroup;
			children = (
				D2C576A22BF04FE100082E46 /* SearchLocationView.swift */,
			);
			path = SearchLocation;
			sourceTree = "<group>";
		};
		D2FF7D492C0EFD8A00895740 /* Home */ = {
			isa = PBXGroup;
			children = (
				D2FF7D4A2C0EFF6D00895740 /* TabView.swift */,
				D2FF7D4C2C0EFF8A00895740 /* HomeView.swift */,
				D2FF7D542C0F00F900895740 /* ListCategory.swift */,
				D2128FCD2C1010A400331364 /* ListProducts.swift */,
			);
			path = Home;
			sourceTree = "<group>";
		};
		D2FF7D4E2C0EFF8E00895740 /* Cart */ = {
			isa = PBXGroup;
			children = (
				D2FF7D4F2C0EFF9900895740 /* CartView.swift */,
				D2DCACD22C1159CE00699996 /* BottomCartView.swift */,
				D2DCACD42C115A1C00699996 /* ItemCartView.swift */,
			);
			path = Cart;
			sourceTree = "<group>";
		};
		D2FF7D512C0EFF9E00895740 /* Setting */ = {
			isa = PBXGroup;
			children = (
				D2FF7D522C0EFFAC00895740 /* SettingView.swift */,
				D2E861AA2C11A18500167DD4 /* ProfileView.swift */,
				D2E861AC2C11A50700167DD4 /* DeepLink.swift */,
				D2C7D67B2C120D8E0007C916 /* ChangeView.swift */,
			);
			path = Setting;
			sourceTree = "<group>";
		};
/* End PBXGroup section */

/* Begin PBXNativeTarget section */
		D228A0E22BEB5F4B003BA655 /* APPOrderFoodHDV */ = {
			isa = PBXNativeTarget;
			buildConfigurationList = D228A1072BEB5F4E003BA655 /* Build configuration list for PBXNativeTarget "APPOrderFoodHDV" */;
			buildPhases = (
				D228A0DF2BEB5F4B003BA655 /* Sources */,
				D228A0E02BEB5F4B003BA655 /* Frameworks */,
				D228A0E12BEB5F4B003BA655 /* Resources */,
			);
			buildRules = (
			);
			dependencies = (
			);
			name = APPOrderFoodHDV;
			productName = APPOrderFoodHDV;
			productReference = D228A0E32BEB5F4B003BA655 /* APPOrderFoodHDV.app */;
			productType = "com.apple.product-type.application";
		};
		D228A0F22BEB5F4D003BA655 /* APPOrderFoodHDVTests */ = {
			isa = PBXNativeTarget;
			buildConfigurationList = D228A10A2BEB5F4E003BA655 /* Build configuration list for PBXNativeTarget "APPOrderFoodHDVTests" */;
			buildPhases = (
				D228A0EF2BEB5F4D003BA655 /* Sources */,
				D228A0F02BEB5F4D003BA655 /* Frameworks */,
				D228A0F12BEB5F4D003BA655 /* Resources */,
			);
			buildRules = (
			);
			dependencies = (
				D228A0F52BEB5F4D003BA655 /* PBXTargetDependency */,
			);
			name = APPOrderFoodHDVTests;
			productName = APPOrderFoodHDVTests;
			productReference = D228A0F32BEB5F4D003BA655 /* APPOrderFoodHDVTests.xctest */;
			productType = "com.apple.product-type.bundle.unit-test";
		};
		D228A0FC2BEB5F4E003BA655 /* APPOrderFoodHDVUITests */ = {
			isa = PBXNativeTarget;
			buildConfigurationList = D228A10D2BEB5F4E003BA655 /* Build configuration list for PBXNativeTarget "APPOrderFoodHDVUITests" */;
			buildPhases = (
				D228A0F92BEB5F4E003BA655 /* Sources */,
				D228A0FA2BEB5F4E003BA655 /* Frameworks */,
				D228A0FB2BEB5F4E003BA655 /* Resources */,
			);
			buildRules = (
			);
			dependencies = (
				D228A0FF2BEB5F4E003BA655 /* PBXTargetDependency */,
			);
			name = APPOrderFoodHDVUITests;
			productName = APPOrderFoodHDVUITests;
			productReference = D228A0FD2BEB5F4E003BA655 /* APPOrderFoodHDVUITests.xctest */;
			productType = "com.apple.product-type.bundle.ui-testing";
		};
/* End PBXNativeTarget section */

/* Begin PBXProject section */
		D228A0DB2BEB5F4B003BA655 /* Project object */ = {
			isa = PBXProject;
			attributes = {
				BuildIndependentTargetsInParallel = 1;
				LastSwiftUpdateCheck = 1530;
				LastUpgradeCheck = 1530;
				TargetAttributes = {
					D228A0E22BEB5F4B003BA655 = {
						CreatedOnToolsVersion = 15.3;
					};
					D228A0F22BEB5F4D003BA655 = {
						CreatedOnToolsVersion = 15.3;
						TestTargetID = D228A0E22BEB5F4B003BA655;
					};
					D228A0FC2BEB5F4E003BA655 = {
						CreatedOnToolsVersion = 15.3;
						TestTargetID = D228A0E22BEB5F4B003BA655;
					};
				};
			};
			buildConfigurationList = D228A0DE2BEB5F4B003BA655 /* Build configuration list for PBXProject "APPOrderFoodHDV" */;
			compatibilityVersion = "Xcode 14.0";
			developmentRegion = en;
			hasScannedForEncodings = 0;
			knownRegions = (
				en,
				Base,
			);
			mainGroup = D228A0DA2BEB5F4B003BA655;
			productRefGroup = D228A0E42BEB5F4B003BA655 /* Products */;
			projectDirPath = "";
			projectRoot = "";
			targets = (
				D228A0E22BEB5F4B003BA655 /* APPOrderFoodHDV */,
				D228A0F22BEB5F4D003BA655 /* APPOrderFoodHDVTests */,
				D228A0FC2BEB5F4E003BA655 /* APPOrderFoodHDVUITests */,
			);
		};
/* End PBXProject section */

/* Begin PBXResourcesBuildPhase section */
		D228A0E12BEB5F4B003BA655 /* Resources */ = {
			isa = PBXResourcesBuildPhase;
			buildActionMask = 2147483647;
			files = (
				D228A0EE2BEB5F4D003BA655 /* Preview Assets.xcassets in Resources */,
				D2128FCA2C10068100331364 /* bgWelcome.mp4 in Resources */,
				D228A0EB2BEB5F4D003BA655 /* Assets.xcassets in Resources */,
				D2FF7D482C0EFD0600895740 /* README.md in Resources */,
				D228A11A2BEB77EE003BA655 /* API.md in Resources */,
				D2128FC92C10068100331364 /* Assets.xcassets in Resources */,
			);
			runOnlyForDeploymentPostprocessing = 0;
		};
		D228A0F12BEB5F4D003BA655 /* Resources */ = {
			isa = PBXResourcesBuildPhase;
			buildActionMask = 2147483647;
			files = (
			);
			runOnlyForDeploymentPostprocessing = 0;
		};
		D228A0FB2BEB5F4E003BA655 /* Resources */ = {
			isa = PBXResourcesBuildPhase;
			buildActionMask = 2147483647;
			files = (
			);
			runOnlyForDeploymentPostprocessing = 0;
		};
/* End PBXResourcesBuildPhase section */

/* Begin PBXSourcesBuildPhase section */
		D228A0DF2BEB5F4B003BA655 /* Sources */ = {
			isa = PBXSourcesBuildPhase;
			buildActionMask = 2147483647;
			files = (
				D2BE8D7A2C105AA50053012B /* ProductView.swift in Sources */,
				D2C0F4A12C159E1B0009D555 /* OrderView.swift in Sources */,
				D2128FCC2C10104D00331364 /* ProductViewModel.swift in Sources */,
				D228A0E92BEB5F4B003BA655 /* ContentView.swift in Sources */,
				D2E861AB2C11A18500167DD4 /* ProfileView.swift in Sources */,
				D2C576A32BF04FE100082E46 /* SearchLocationView.swift in Sources */,
				D2128FC42C0FF87600331364 /* SignInViewModel.swift in Sources */,
				D2FF7D502C0EFF9900895740 /* CartView.swift in Sources */,
				D2C5769C2BF04DD900082E46 /* LocationManager.swift in Sources */,
				D2FF7D4D2C0EFF8A00895740 /* HomeView.swift in Sources */,
				D2C576962BF04A8300082E46 /* SignUpView.swift in Sources */,
				D2C576992BF04B0400082E46 /* ForgotPasswordView.swift in Sources */,
				D2C0F4B72C15A4990009D555 /* PaymentWithVNPAY.swift in Sources */,
				D2C0F4C32C1610430009D555 /* SuccessView.swift in Sources */,
				D2FF7D552C0F00F900895740 /* ListCategory.swift in Sources */,
				D2FF7D5B2C0F4E2C00895740 /* SignUpViewModel.swift in Sources */,
				D2C0F4A82C159F160009D555 /* ItemFavorite.swift in Sources */,
				D2C5767D2BF0480800082E46 /* APIService.swift in Sources */,
				D2C0F4A62C159F0A0009D555 /* FavoriteView.swift in Sources */,
				D2C0F4AF2C15A3E00009D555 /* CheckoutView.swift in Sources */,
				D2DCACDB2C11659800699996 /* ProductListViewModel.swift in Sources */,
				D228A1162BEB679C003BA655 /* Product.swift in Sources */,
				D2C576A92BF05B0B00082E46 /* ProductFetcher.swift in Sources */,
				D2DCACD12C1154ED00699996 /* CartItemViewModel.swift in Sources */,
				D2C576872BF0492C00082E46 /* PlayerView.swift in Sources */,
				D2C0F4B32C15A4250009D555 /* RuleView.swift in Sources */,
				D2C576A02BF04E0C00082E46 /* SearchResultsViewModel.swift in Sources */,
				D2E861AD2C11A50700167DD4 /* DeepLink.swift in Sources */,
				D2FF7D4B2C0EFF6D00895740 /* TabView.swift in Sources */,
				D2C0F4C52C16107A0009D555 /* InforOrder.swift in Sources */,
				D2C0F4AD2C15A3940009D555 /* ProductCheckout.swift in Sources */,
				D2DCACCF2C1154D400699996 /* CartItem.swift in Sources */,
				D2C576852BF048C500082E46 /* ButtonCustom.swift in Sources */,
				D2C0F4B12C15A4000009D555 /* PaymentWithCash.swift in Sources */,
				D2C576812BF0484300082E46 /* TabBarCustom.swift in Sources */,
				D2C576902BF049EC00082E46 /* BottomWelcomeView.swift in Sources */,
				D2C0F4BF2C160CB80009D555 /* Payment.swift in Sources */,
				D2C7D67C2C120D8E0007C916 /* ChangeView.swift in Sources */,
				D2C5768E2BF049CF00082E46 /* WelcomeView.swift in Sources */,
				D2FF7D572C0F053F00895740 /* CategoryViewModel.swift in Sources */,
				D2D544BD2C14770A00AFD93E /* FavoriteViewModel.swift in Sources */,
				D2FF7D592C0F4DCE00895740 /* SignUp.swift in Sources */,
				D2DCACD32C1159CE00699996 /* BottomCartView.swift in Sources */,
				D2C5769E2BF04DF100082E46 /* MKCoordinateRegion.swift in Sources */,
				D2C576942BF04A4200082E46 /* LogInView.swift in Sources */,
				D2C0F4C12C160CDB0009D555 /* PaymentViewModel.swift in Sources */,
				D2DCACD52C115A1C00699996 /* ItemCartView.swift in Sources */,
				D2C0F4A32C159E2C0009D555 /* ItemOrder.swift in Sources */,
				D2128FCE2C1010A400331364 /* ListProducts.swift in Sources */,
				D2C576832BF0485E00082E46 /* TextFieldCustom.swift in Sources */,
				D2C576922BF04A1000082E46 /* SignView.swift in Sources */,
				D2C0F4B92C15A6D80009D555 /* Order.swift in Sources */,
				D2BE8D762C105A6C0053012B /* BottomProduct.swift in Sources */,
				D2BE8D732C1055D30053012B /* UserViewModel.swift in Sources */,
				D2FF7D532C0EFFAC00895740 /* SettingView.swift in Sources */,
				D228A0E72BEB5F4B003BA655 /* APPOrderFoodHDVApp.swift in Sources */,
				D2C576A72BF05A4200082E46 /* APIServiceProtocol.swift in Sources */,
				D2BE8D782C105A8E0053012B /* DetailProductView.swift in Sources */,
				D2C0F4BB2C15F58E0009D555 /* OrderViewModel.swift in Sources */,
				D2C0F4B52C15A45D0009D555 /* PaymentView.swift in Sources */,
				D228A1142BEB678F003BA655 /* Category.swift in Sources */,
				D2D544BB2C1475C000AFD93E /* Favorite.swift in Sources */,
				D2C0F4BD2C15FE230009D555 /* OrderDetailView.swift in Sources */,
				D2128FD02C103D1B00331364 /* User.swift in Sources */,
				D2C5767F2BF0482B00082E46 /* AsyncImageCustom.swift in Sources */,
				D2C576A52BF059F800082E46 /* APIError.swift in Sources */,
				D2128FC22C0FF84F00331364 /* SignIn.swift in Sources */,
				D2C0F4AB2C15A35C0009D555 /* MainPayment.swift in Sources */,
			);
			runOnlyForDeploymentPostprocessing = 0;
		};
		D228A0EF2BEB5F4D003BA655 /* Sources */ = {
			isa = PBXSourcesBuildPhase;
			buildActionMask = 2147483647;
			files = (
				D228A0F82BEB5F4D003BA655 /* APPOrderFoodHDVTests.swift in Sources */,
			);
			runOnlyForDeploymentPostprocessing = 0;
		};
		D228A0F92BEB5F4E003BA655 /* Sources */ = {
			isa = PBXSourcesBuildPhase;
			buildActionMask = 2147483647;
			files = (
				D228A1042BEB5F4E003BA655 /* APPOrderFoodHDVUITestsLaunchTests.swift in Sources */,
				D228A1022BEB5F4E003BA655 /* APPOrderFoodHDVUITests.swift in Sources */,
			);
			runOnlyForDeploymentPostprocessing = 0;
		};
/* End PBXSourcesBuildPhase section */

/* Begin PBXTargetDependency section */
		D228A0F52BEB5F4D003BA655 /* PBXTargetDependency */ = {
			isa = PBXTargetDependency;
			target = D228A0E22BEB5F4B003BA655 /* APPOrderFoodHDV */;
			targetProxy = D228A0F42BEB5F4D003BA655 /* PBXContainerItemProxy */;
		};
		D228A0FF2BEB5F4E003BA655 /* PBXTargetDependency */ = {
			isa = PBXTargetDependency;
			target = D228A0E22BEB5F4B003BA655 /* APPOrderFoodHDV */;
			targetProxy = D228A0FE2BEB5F4E003BA655 /* PBXContainerItemProxy */;
		};
/* End PBXTargetDependency section */

/* Begin XCBuildConfiguration section */
		D228A1052BEB5F4E003BA655 /* Debug */ = {
			isa = XCBuildConfiguration;
			buildSettings = {
				ALWAYS_SEARCH_USER_PATHS = NO;
				ASSETCATALOG_COMPILER_GENERATE_SWIFT_ASSET_SYMBOL_EXTENSIONS = YES;
				CLANG_ANALYZER_NONNULL = YES;
				CLANG_ANALYZER_NUMBER_OBJECT_CONVERSION = YES_AGGRESSIVE;
				CLANG_CXX_LANGUAGE_STANDARD = "gnu++20";
				CLANG_ENABLE_MODULES = YES;
				CLANG_ENABLE_OBJC_ARC = YES;
				CLANG_ENABLE_OBJC_WEAK = YES;
				CLANG_WARN_BLOCK_CAPTURE_AUTORELEASING = YES;
				CLANG_WARN_BOOL_CONVERSION = YES;
				CLANG_WARN_COMMA = YES;
				CLANG_WARN_CONSTANT_CONVERSION = YES;
				CLANG_WARN_DEPRECATED_OBJC_IMPLEMENTATIONS = YES;
				CLANG_WARN_DIRECT_OBJC_ISA_USAGE = YES_ERROR;
				CLANG_WARN_DOCUMENTATION_COMMENTS = YES;
				CLANG_WARN_EMPTY_BODY = YES;
				CLANG_WARN_ENUM_CONVERSION = YES;
				CLANG_WARN_INFINITE_RECURSION = YES;
				CLANG_WARN_INT_CONVERSION = YES;
				CLANG_WARN_NON_LITERAL_NULL_CONVERSION = YES;
				CLANG_WARN_OBJC_IMPLICIT_RETAIN_SELF = YES;
				CLANG_WARN_OBJC_LITERAL_CONVERSION = YES;
				CLANG_WARN_OBJC_ROOT_CLASS = YES_ERROR;
				CLANG_WARN_QUOTED_INCLUDE_IN_FRAMEWORK_HEADER = YES;
				CLANG_WARN_RANGE_LOOP_ANALYSIS = YES;
				CLANG_WARN_STRICT_PROTOTYPES = YES;
				CLANG_WARN_SUSPICIOUS_MOVE = YES;
				CLANG_WARN_UNGUARDED_AVAILABILITY = YES_AGGRESSIVE;
				CLANG_WARN_UNREACHABLE_CODE = YES;
				CLANG_WARN__DUPLICATE_METHOD_MATCH = YES;
				COPY_PHASE_STRIP = NO;
				DEBUG_INFORMATION_FORMAT = dwarf;
				ENABLE_STRICT_OBJC_MSGSEND = YES;
				ENABLE_TESTABILITY = YES;
				ENABLE_USER_SCRIPT_SANDBOXING = YES;
				GCC_C_LANGUAGE_STANDARD = gnu17;
				GCC_DYNAMIC_NO_PIC = NO;
				GCC_NO_COMMON_BLOCKS = YES;
				GCC_OPTIMIZATION_LEVEL = 0;
				GCC_PREPROCESSOR_DEFINITIONS = (
					"DEBUG=1",
					"$(inherited)",
				);
				GCC_WARN_64_TO_32_BIT_CONVERSION = YES;
				GCC_WARN_ABOUT_RETURN_TYPE = YES_ERROR;
				GCC_WARN_UNDECLARED_SELECTOR = YES;
				GCC_WARN_UNINITIALIZED_AUTOS = YES_AGGRESSIVE;
				GCC_WARN_UNUSED_FUNCTION = YES;
				GCC_WARN_UNUSED_VARIABLE = YES;
				IPHONEOS_DEPLOYMENT_TARGET = 17.4;
				LOCALIZATION_PREFERS_STRING_CATALOGS = YES;
				MTL_ENABLE_DEBUG_INFO = INCLUDE_SOURCE;
				MTL_FAST_MATH = YES;
				ONLY_ACTIVE_ARCH = YES;
				SDKROOT = iphoneos;
				SWIFT_ACTIVE_COMPILATION_CONDITIONS = "DEBUG $(inherited)";
				SWIFT_OPTIMIZATION_LEVEL = "-Onone";
			};
			name = Debug;
		};
		D228A1062BEB5F4E003BA655 /* Release */ = {
			isa = XCBuildConfiguration;
			buildSettings = {
				ALWAYS_SEARCH_USER_PATHS = NO;
				ASSETCATALOG_COMPILER_GENERATE_SWIFT_ASSET_SYMBOL_EXTENSIONS = YES;
				CLANG_ANALYZER_NONNULL = YES;
				CLANG_ANALYZER_NUMBER_OBJECT_CONVERSION = YES_AGGRESSIVE;
				CLANG_CXX_LANGUAGE_STANDARD = "gnu++20";
				CLANG_ENABLE_MODULES = YES;
				CLANG_ENABLE_OBJC_ARC = YES;
				CLANG_ENABLE_OBJC_WEAK = YES;
				CLANG_WARN_BLOCK_CAPTURE_AUTORELEASING = YES;
				CLANG_WARN_BOOL_CONVERSION = YES;
				CLANG_WARN_COMMA = YES;
				CLANG_WARN_CONSTANT_CONVERSION = YES;
				CLANG_WARN_DEPRECATED_OBJC_IMPLEMENTATIONS = YES;
				CLANG_WARN_DIRECT_OBJC_ISA_USAGE = YES_ERROR;
				CLANG_WARN_DOCUMENTATION_COMMENTS = YES;
				CLANG_WARN_EMPTY_BODY = YES;
				CLANG_WARN_ENUM_CONVERSION = YES;
				CLANG_WARN_INFINITE_RECURSION = YES;
				CLANG_WARN_INT_CONVERSION = YES;
				CLANG_WARN_NON_LITERAL_NULL_CONVERSION = YES;
				CLANG_WARN_OBJC_IMPLICIT_RETAIN_SELF = YES;
				CLANG_WARN_OBJC_LITERAL_CONVERSION = YES;
				CLANG_WARN_OBJC_ROOT_CLASS = YES_ERROR;
				CLANG_WARN_QUOTED_INCLUDE_IN_FRAMEWORK_HEADER = YES;
				CLANG_WARN_RANGE_LOOP_ANALYSIS = YES;
				CLANG_WARN_STRICT_PROTOTYPES = YES;
				CLANG_WARN_SUSPICIOUS_MOVE = YES;
				CLANG_WARN_UNGUARDED_AVAILABILITY = YES_AGGRESSIVE;
				CLANG_WARN_UNREACHABLE_CODE = YES;
				CLANG_WARN__DUPLICATE_METHOD_MATCH = YES;
				COPY_PHASE_STRIP = NO;
				DEBUG_INFORMATION_FORMAT = "dwarf-with-dsym";
				ENABLE_NS_ASSERTIONS = NO;
				ENABLE_STRICT_OBJC_MSGSEND = YES;
				ENABLE_USER_SCRIPT_SANDBOXING = YES;
				GCC_C_LANGUAGE_STANDARD = gnu17;
				GCC_NO_COMMON_BLOCKS = YES;
				GCC_WARN_64_TO_32_BIT_CONVERSION = YES;
				GCC_WARN_ABOUT_RETURN_TYPE = YES_ERROR;
				GCC_WARN_UNDECLARED_SELECTOR = YES;
				GCC_WARN_UNINITIALIZED_AUTOS = YES_AGGRESSIVE;
				GCC_WARN_UNUSED_FUNCTION = YES;
				GCC_WARN_UNUSED_VARIABLE = YES;
				IPHONEOS_DEPLOYMENT_TARGET = 17.4;
				LOCALIZATION_PREFERS_STRING_CATALOGS = YES;
				MTL_ENABLE_DEBUG_INFO = NO;
				MTL_FAST_MATH = YES;
				SDKROOT = iphoneos;
				SWIFT_COMPILATION_MODE = wholemodule;
				VALIDATE_PRODUCT = YES;
			};
			name = Release;
		};
		D228A1082BEB5F4E003BA655 /* Debug */ = {
			isa = XCBuildConfiguration;
			buildSettings = {
				ASSETCATALOG_COMPILER_APPICON_NAME = AppIcon;
				ASSETCATALOG_COMPILER_GLOBAL_ACCENT_COLOR_NAME = AccentColor;
				CODE_SIGN_STYLE = Automatic;
				CURRENT_PROJECT_VERSION = 1;
				DEVELOPMENT_ASSET_PATHS = "\"APPOrderFoodHDV/Preview Content\"";
				DEVELOPMENT_TEAM = YAH93RZF3C;
				ENABLE_PREVIEWS = YES;
				GENERATE_INFOPLIST_FILE = YES;
				INFOPLIST_KEY_UIApplicationSceneManifest_Generation = YES;
				INFOPLIST_KEY_UIApplicationSupportsIndirectInputEvents = YES;
				INFOPLIST_KEY_UILaunchScreen_Generation = YES;
				INFOPLIST_KEY_UISupportedInterfaceOrientations_iPad = "UIInterfaceOrientationPortrait UIInterfaceOrientationPortraitUpsideDown UIInterfaceOrientationLandscapeLeft UIInterfaceOrientationLandscapeRight";
				INFOPLIST_KEY_UISupportedInterfaceOrientations_iPhone = "UIInterfaceOrientationPortrait UIInterfaceOrientationLandscapeLeft UIInterfaceOrientationLandscapeRight";
				IPHONEOS_DEPLOYMENT_TARGET = 17.2;
				LD_RUNPATH_SEARCH_PATHS = (
					"$(inherited)",
					"@executable_path/Frameworks",
				);
				MARKETING_VERSION = 1.0;
				PRODUCT_BUNDLE_IDENTIFIER = test.APPOrderFoodHDV;
				PRODUCT_NAME = "$(TARGET_NAME)";
				SWIFT_EMIT_LOC_STRINGS = YES;
				SWIFT_VERSION = 5.0;
				TARGETED_DEVICE_FAMILY = "1,2";
			};
			name = Debug;
		};
		D228A1092BEB5F4E003BA655 /* Release */ = {
			isa = XCBuildConfiguration;
			buildSettings = {
				ASSETCATALOG_COMPILER_APPICON_NAME = AppIcon;
				ASSETCATALOG_COMPILER_GLOBAL_ACCENT_COLOR_NAME = AccentColor;
				CODE_SIGN_STYLE = Automatic;
				CURRENT_PROJECT_VERSION = 1;
				DEVELOPMENT_ASSET_PATHS = "\"APPOrderFoodHDV/Preview Content\"";
				DEVELOPMENT_TEAM = YAH93RZF3C;
				ENABLE_PREVIEWS = YES;
				GENERATE_INFOPLIST_FILE = YES;
				INFOPLIST_KEY_UIApplicationSceneManifest_Generation = YES;
				INFOPLIST_KEY_UIApplicationSupportsIndirectInputEvents = YES;
				INFOPLIST_KEY_UILaunchScreen_Generation = YES;
				INFOPLIST_KEY_UISupportedInterfaceOrientations_iPad = "UIInterfaceOrientationPortrait UIInterfaceOrientationPortraitUpsideDown UIInterfaceOrientationLandscapeLeft UIInterfaceOrientationLandscapeRight";
				INFOPLIST_KEY_UISupportedInterfaceOrientations_iPhone = "UIInterfaceOrientationPortrait UIInterfaceOrientationLandscapeLeft UIInterfaceOrientationLandscapeRight";
				IPHONEOS_DEPLOYMENT_TARGET = 17.2;
				LD_RUNPATH_SEARCH_PATHS = (
					"$(inherited)",
					"@executable_path/Frameworks",
				);
				MARKETING_VERSION = 1.0;
				PRODUCT_BUNDLE_IDENTIFIER = test.APPOrderFoodHDV;
				PRODUCT_NAME = "$(TARGET_NAME)";
				SWIFT_EMIT_LOC_STRINGS = YES;
				SWIFT_VERSION = 5.0;
				TARGETED_DEVICE_FAMILY = "1,2";
			};
			name = Release;
		};
		D228A10B2BEB5F4E003BA655 /* Debug */ = {
			isa = XCBuildConfiguration;
			buildSettings = {
				ALWAYS_EMBED_SWIFT_STANDARD_LIBRARIES = YES;
				BUNDLE_LOADER = "$(TEST_HOST)";
				CODE_SIGN_STYLE = Automatic;
				CURRENT_PROJECT_VERSION = 1;
				DEVELOPMENT_TEAM = YAH93RZF3C;
				GENERATE_INFOPLIST_FILE = YES;
				IPHONEOS_DEPLOYMENT_TARGET = 17.4;
				MARKETING_VERSION = 1.0;
				PRODUCT_BUNDLE_IDENTIFIER = test.APPOrderFoodHDVTests;
				PRODUCT_NAME = "$(TARGET_NAME)";
				SWIFT_EMIT_LOC_STRINGS = NO;
				SWIFT_VERSION = 5.0;
				TARGETED_DEVICE_FAMILY = "1,2";
				TEST_HOST = "$(BUILT_PRODUCTS_DIR)/APPOrderFoodHDV.app/$(BUNDLE_EXECUTABLE_FOLDER_PATH)/APPOrderFoodHDV";
			};
			name = Debug;
		};
		D228A10C2BEB5F4E003BA655 /* Release */ = {
			isa = XCBuildConfiguration;
			buildSettings = {
				ALWAYS_EMBED_SWIFT_STANDARD_LIBRARIES = YES;
				BUNDLE_LOADER = "$(TEST_HOST)";
				CODE_SIGN_STYLE = Automatic;
				CURRENT_PROJECT_VERSION = 1;
				DEVELOPMENT_TEAM = YAH93RZF3C;
				GENERATE_INFOPLIST_FILE = YES;
				IPHONEOS_DEPLOYMENT_TARGET = 17.4;
				MARKETING_VERSION = 1.0;
				PRODUCT_BUNDLE_IDENTIFIER = test.APPOrderFoodHDVTests;
				PRODUCT_NAME = "$(TARGET_NAME)";
				SWIFT_EMIT_LOC_STRINGS = NO;
				SWIFT_VERSION = 5.0;
				TARGETED_DEVICE_FAMILY = "1,2";
				TEST_HOST = "$(BUILT_PRODUCTS_DIR)/APPOrderFoodHDV.app/$(BUNDLE_EXECUTABLE_FOLDER_PATH)/APPOrderFoodHDV";
			};
			name = Release;
		};
		D228A10E2BEB5F4E003BA655 /* Debug */ = {
			isa = XCBuildConfiguration;
			buildSettings = {
				ALWAYS_EMBED_SWIFT_STANDARD_LIBRARIES = YES;
				CODE_SIGN_STYLE = Automatic;
				CURRENT_PROJECT_VERSION = 1;
				DEVELOPMENT_TEAM = YAH93RZF3C;
				GENERATE_INFOPLIST_FILE = YES;
				MARKETING_VERSION = 1.0;
				PRODUCT_BUNDLE_IDENTIFIER = test.APPOrderFoodHDVUITests;
				PRODUCT_NAME = "$(TARGET_NAME)";
				SWIFT_EMIT_LOC_STRINGS = NO;
				SWIFT_VERSION = 5.0;
				TARGETED_DEVICE_FAMILY = "1,2";
				TEST_TARGET_NAME = APPOrderFoodHDV;
			};
			name = Debug;
		};
		D228A10F2BEB5F4E003BA655 /* Release */ = {
			isa = XCBuildConfiguration;
			buildSettings = {
				ALWAYS_EMBED_SWIFT_STANDARD_LIBRARIES = YES;
				CODE_SIGN_STYLE = Automatic;
				CURRENT_PROJECT_VERSION = 1;
				DEVELOPMENT_TEAM = YAH93RZF3C;
				GENERATE_INFOPLIST_FILE = YES;
				MARKETING_VERSION = 1.0;
				PRODUCT_BUNDLE_IDENTIFIER = test.APPOrderFoodHDVUITests;
				PRODUCT_NAME = "$(TARGET_NAME)";
				SWIFT_EMIT_LOC_STRINGS = NO;
				SWIFT_VERSION = 5.0;
				TARGETED_DEVICE_FAMILY = "1,2";
				TEST_TARGET_NAME = APPOrderFoodHDV;
			};
			name = Release;
		};
/* End XCBuildConfiguration section */

/* Begin XCConfigurationList section */
		D228A0DE2BEB5F4B003BA655 /* Build configuration list for PBXProject "APPOrderFoodHDV" */ = {
			isa = XCConfigurationList;
			buildConfigurations = (
				D228A1052BEB5F4E003BA655 /* Debug */,
				D228A1062BEB5F4E003BA655 /* Release */,
			);
			defaultConfigurationIsVisible = 0;
			defaultConfigurationName = Release;
		};
		D228A1072BEB5F4E003BA655 /* Build configuration list for PBXNativeTarget "APPOrderFoodHDV" */ = {
			isa = XCConfigurationList;
			buildConfigurations = (
				D228A1082BEB5F4E003BA655 /* Debug */,
				D228A1092BEB5F4E003BA655 /* Release */,
			);
			defaultConfigurationIsVisible = 0;
			defaultConfigurationName = Release;
		};
		D228A10A2BEB5F4E003BA655 /* Build configuration list for PBXNativeTarget "APPOrderFoodHDVTests" */ = {
			isa = XCConfigurationList;
			buildConfigurations = (
				D228A10B2BEB5F4E003BA655 /* Debug */,
				D228A10C2BEB5F4E003BA655 /* Release */,
			);
			defaultConfigurationIsVisible = 0;
			defaultConfigurationName = Release;
		};
		D228A10D2BEB5F4E003BA655 /* Build configuration list for PBXNativeTarget "APPOrderFoodHDVUITests" */ = {
			isa = XCConfigurationList;
			buildConfigurations = (
				D228A10E2BEB5F4E003BA655 /* Debug */,
				D228A10F2BEB5F4E003BA655 /* Release */,
			);
			defaultConfigurationIsVisible = 0;
			defaultConfigurationName = Release;
		};
/* End XCConfigurationList section */
	};
	rootObject = D228A0DB2BEB5F4B003BA655 /* Project object */;
}
